
Microsoft Visual Studio Solution File, Format Version 12.00
# Visual Studio Version 17
VisualStudioVersion = 17.3.32819.101
MinimumVisualStudioVersion = 10.0.40219.1
Project("{FAE04EC0-301F-11D3-BF4B-00C04F79EFBC}") = "Gissa nummret", "Gissa nummret\Gissa nummret.csproj", "{2E2AADFB-861F-4151-A825-8DC5361ED9D8}"
EndProject
Global
	GlobalSection(SolutionConfigurationPlatforms) = preSolution
		Debug|Any CPU = Debug|Any CPU
		Release|Any CPU = Release|Any CPU
	EndGlobalSection
	GlobalSection(ProjectConfigurationPlatforms) = postSolution
		{2E2AADFB-861F-4151-A825-8DC5361ED9D8}.Debug|Any CPU.ActiveCfg = Debug|Any CPU
		{2E2AADFB-861F-4151-A825-8DC5361ED9D8}.Debug|Any CPU.Build.0 = Debug|Any CPU
		{2E2AADFB-861F-4151-A825-8DC5361ED9D8}.Release|Any CPU.ActiveCfg = Release|Any CPU
		{2E2AADFB-861F-4151-A825-8DC5361ED9D8}.Release|Any CPU.Build.0 = Release|Any CPU
	EndGlobalSection
	GlobalSection(SolutionProperties) = preSolution
		HideSolutionNode = FALSE
	EndGlobalSection
	GlobalSection(ExtensibilityGlobals) = postSolution
		SolutionGuid = {5BCB771F-7E74-42F1-85A6-D1D3337310A6}
	EndGlobalSection
EndGlobal
